
Microsoft Visual Studio Solution File, Format Version 12.00
# Visual Studio Version 16
VisualStudioVersion = 16.0.29503.13
MinimumVisualStudioVersion = 10.0.40219.1
Project("{FAE04EC0-301F-11D3-BF4B-00C04F79EFBC}") = "ClientConsole", "ClientConsole\ClientConsole.csproj", "{ABA63E28-A03C-4764-89F1-A7268E380F06}"
EndProject
Project("{2150E333-8FDC-42A3-9474-1A3956D46DE8}") = "Console application", "Console application", "{04BE6C5B-66C2-4DC0-A850-731603BE8E80}"
EndProject
Project("{9A19103F-16F7-4668-BE54-9A1E7A4F7556}") = "Binance.Net", "..\Binance.Net\Binance.Net.csproj", "{D3B1E2F9-0050-423B-AC4D-C6849C4B9A72}"
EndProject
Global
	GlobalSection(SolutionConfigurationPlatforms) = preSolution
		Debug|Any CPU = Debug|Any CPU
		Release|Any CPU = Release|Any CPU
	EndGlobalSection
	GlobalSection(ProjectConfigurationPlatforms) = postSolution
		{ABA63E28-A03C-4764-89F1-A7268E380F06}.Debug|Any CPU.ActiveCfg = Debug|Any CPU
		{ABA63E28-A03C-4764-89F1-A7268E380F06}.Debug|Any CPU.Build.0 = Debug|Any CPU
		{ABA63E28-A03C-4764-89F1-A7268E380F06}.Release|Any CPU.ActiveCfg = Release|Any CPU
		{ABA63E28-A03C-4764-89F1-A7268E380F06}.Release|Any CPU.Build.0 = Release|Any CPU
		{D3B1E2F9-0050-423B-AC4D-C6849C4B9A72}.Debug|Any CPU.ActiveCfg = Debug|Any CPU
		{D3B1E2F9-0050-423B-AC4D-C6849C4B9A72}.Debug|Any CPU.Build.0 = Debug|Any CPU
		{D3B1E2F9-0050-423B-AC4D-C6849C4B9A72}.Release|Any CPU.ActiveCfg = Release|Any CPU
		{D3B1E2F9-0050-423B-AC4D-C6849C4B9A72}.Release|Any CPU.Build.0 = Release|Any CPU
	EndGlobalSection
	GlobalSection(SolutionProperties) = preSolution
		HideSolutionNode = FALSE
	EndGlobalSection
	GlobalSection(NestedProjects) = preSolution
		{ABA63E28-A03C-4764-89F1-A7268E380F06} = {04BE6C5B-66C2-4DC0-A850-731603BE8E80}
	EndGlobalSection
	GlobalSection(ExtensibilityGlobals) = postSolution
		SolutionGuid = {0FC03929-769B-4314-AF91-AF01E06278DD}
	EndGlobalSection
EndGlobal
